{
    "_meta": {
        "hash": {
            "sha256": "8c012954c5754520ae4fab5ea559df1f16975521d6dd427885eb0e866288c36b"
        },
        "pipfile-spec": 6,
        "requires": {
            "python_version": "3.9"
        },
        "sources": [
            {
                "name": "pypi",
                "url": "https://pypi.org/simple",
                "verify_ssl": true
            }
        ]
    },
    "default": {
        "certifi": {
            "hashes": [],
            "version": "==2024.2.2"
        },
        "charset-normalizer": {
            "hashes": [],
            "version": "==3.3.2"
        },
        "idna": {
            "hashes": [],
            "version": "==3.6"
        },
        "requests": {
            "hashes": [],
            "version": "==2.31.0"
        },
        "urllib3": {
            "hashes": [],
            "version": "==2.2.1"
        }
    },
    "develop": {
        "atomicwrites": {
            "hashes": [],
            "version": "==1.4.1"
        },
        "attrs": {
            "hashes": [],
            "version": "==23.2.0"
        },
        "colorama": {
            "hashes": [],
            "version": "==0.4.6"
        },
        "coverage": {
            "hashes": [],
            "version": "==7.4.3"
        },
        "flake8": {
            "hashes": [],
            "version": "==7.0.0"
        },
        "iniconfig": {
            "hashes": [],
            "version": "==2.0.0"
        },
        "mccabe": {
            "hashes": [],
            "version": "==0.7.0"
        },
        "packaging": {
            "hashes": [],
            "version": "==24.0"
        },
        "pluggy": {
            "hashes": [],
            "version": "==1.4.0"
        },
        "py": {
            "hashes": [],
            "version": "==1.11.0"
        },
        "pycodestyle": {
            "hashes": [],
            "version": "==2.11.1"
        },
        "pyflakes": {
            "hashes": [],
            "version": "==3.2.0"
        },
        "pyparsing": {
            "hashes": [
                "sha256:c203ec8783bf771a155b207279b9bccb8dea02d8f0c9e5f8ead507bc3246ecc1",
                "sha256:ef9d7589ef3c200abe66653d3f1ab1033c3c419ae9b9bdb1240a85b024efc88b"
            ],
            "version": "==2.4.7"
        },
        "pytest": {
            "hashes": [
                "sha256:131b36680866a76e6781d13f101efb86cf674ebb9762eb70d3082b6f29889e89",
                "sha256:7310f8d27bc79ced999e760ca304d69f6ba6c6649c0b60fb0e04a4a77cacc134"
            ],
            "index": "pypi",
            "version": "==6.2.5"
        },
        "pytest-cov": {
            "hashes": [
                "sha256:578d5d15ac4a25e5f961c938b85a05b09fdaae9deef3bb6de9a6e766622ca7a6",
                "sha256:e7f0f5b1617d2210a2cabc266dfe2f4c75a8d32fb89eafb7ad9d06f6d076d470"
            ],
            "version": "==3.0.0"
        },
        "pytest-mock": {
            "hashes": [
                "sha256:30c2f2cc9759e76eee674b81ea28c9f0b94f8f0445a1b87762cadf774f0df7e3",
                "sha256:40217a058c52a63f1042f0784f62009e976ba824c418cced42e88d5f40ab0e62"
            ],
            "index": "pypi",
            "version": "==3.6.1"
        },
        "toml": {
            "hashes": [
                "sha256:806143ae5bfb6a3c6e736a764057db0e6a0e05e338b5630894a5f779cabb4f9b",
                "sha256:b3bda1d108d5dd99f4a20d24d9c348e91c4db7ab1b749200bded2f839ccbe68f"
            ],
            "version": "==0.10.2"
        }
    }
}
