{
    "_meta": {
        "hash": {
            "sha256": "8c012954c5754520ae4fab5ea559df1f16975521d6dd427885eb0e866288c36b"
        },
        "pipfile-spec": 6,
        "requires": {
            "python_version": "3.9"
        },
        "sources": [
            {
                "name": "pypi",
                "url": "https://pypi.org/simple",
                "verify_ssl": true
            }
        ]
    },
    "default": {
        "certifi": {
            "hashes": [
                "sha256:78884e7c1d4b00ce3cea67b44566851c4343c120abd683433ce934a68ea58872",
                "sha256:d62a0163eb4c2344ac042ab2bdf75399a71a2d8c7d47eac2e2ee91b9d6339569"
            ],
            "version": "==2021.10.8"
        },
        "charset-normalizer": {
            "hashes": [
                "sha256:e019de665e2bcf9c2b64e2e5aa025fa991da8720daa3c1138cadd2fd1856aed0",
                "sha256:f7af805c321bfa1ce6714c51f254e0d5bb5e5834039bc17db7ebe3a4cec9492b"
            ],
            "version": "==2.0.7"
        },
        "idna": {
            "hashes": [
                "sha256:84d9dd047ffa80596e0f246e2eab0b391788b0503584e8945f2368256d2735ff",
                "sha256:9d643ff0a55b762d5cdb124b8eaa99c66322e2157b69160bc32796e824360e6d"
            ],
            "version": "==3.3"
        },
        "requests": {
            "hashes": [
                "sha256:6c1246513ecd5ecd4528a0906f910e8f0f9c6b8ec72030dc9fd154dc1a6efd24",
                "sha256:b8aa58f8cf793ffd8782d3d8cb19e66ef36f7aba4353eec859e74678b01b07a7"
            ],
            "index": "pypi",
            "version": "==2.26.0"
        },
        "urllib3": {
            "hashes": [
                "sha256:4987c65554f7a2dbf30c18fd48778ef124af6fab771a377103da0585e2336ece",
                "sha256:c4fdf4019605b6e5423637e01bc9fe4daef873709a7973e195ceba0a62bbc844"
            ],
            "version": "==1.26.7"
        }
    },
    "develop": {
        "atomicwrites": {
            "hashes": [
                "sha256:6d1784dea7c0c8d4a5172b6c620f40b6e4cbfdf96d783691f2e1302a7b88e197",
                "sha256:ae70396ad1a434f9c7046fd2dd196fc04b12f9e91ffb859164193be8b6168a7a"
            ],
            "markers": "sys_platform == 'win32'",
            "version": "==1.4.0"
        },
        "attrs": {
            "hashes": [
                "sha256:149e90d6d8ac20db7a955ad60cf0e6881a3f20d37096140088356da6c716b0b1",
                "sha256:ef6aaac3ca6cd92904cdd0d83f629a15f18053ec84e6432106f7a4d04ae4f5fb"
            ],
            "version": "==21.2.0"
        },
        "colorama": {
            "hashes": [
                "sha256:5941b2b48a20143d2267e95b1c2a7603ce057ee39fd88e7329b0c292aa16869b",
                "sha256:9f47eda37229f68eee03b24b9748937c7dc3868f906e8ba69fbcbdd3bc5dc3e2"
            ],
            "markers": "sys_platform == 'win32'",
            "version": "==0.4.4"
        },
        "coverage": {
            "hashes": [
                "sha256:0c471fdc5b9db0229fb2477ac445a886c7a6d86029534e29f0dc65f517c8e704",
                "sha256:0fb10cafd85a931837be9d18420c80d16cbb13d1d9a78d78dee932af2dd55135",
                "sha256:0ff19756ee78fe2377eb5126a196fe84643f149f840ea7d74b4c08686f5484e4",
                "sha256:2987506781355303506660cb1917b0dcd02a76f7873db604a415aadb2193bd96",
                "sha256:34e1f49e25336840857c1c1593764342316d0b1ce5a8d74c314d4883468f9dfe",
                "sha256:422ab4cf66a7ed0c119ce8db64c99c6667eda53acaa63a4c178dbac4100f57b6",
                "sha256:42f65145acfbbac227b862fe509d0353861d70c455f91a14ace52fe378cdc085",
                "sha256:45ca96310fda694eb9ae1cdee0355cf66d2acc828678513b331172061289c17a",
                "sha256:49f3434739e443771171e4d6c0e7df12cc83d7f00beb7b5d6b3a655a873c51ab",
                "sha256:58e84430bf1b2904b96bcee9ba7f736fb7efb84f5bd7c7b5b3df54db12476360",
                "sha256:6130f0f95461fc46884ce73269fc72028e139359a0583a12f7510a45a081faa3",
                "sha256:68dce32c064d8597f91d5d12a7a91a92ce0a37d1a024108d25834bd0ea905e11",
                "sha256:6c0d8e633cec3ac7a32f676e8b777a56f0ba4a954aecb0634301fdb85c40a845",
                "sha256:71a8baf10a755c35b7015d524279ebec9b801bc46c821e344914be0ad6c73bfc",
                "sha256:749eaf8cf5d03695359ff08ea8d01ac42381069baf42d991a36ba30cc34da87a",
                "sha256:8476aa688efcc4521264f12e6e74c2587cd4623429c8f5aab613e0b46de41283",
                "sha256:870f8ea4bbc79bdd0dbcf7367f89ee4cfd3f278063a0e16bd78baa05c0541fc9",
                "sha256:9ac1d0cacaf12168d53bfcd390b69b9548919c6a5829cb1fd2f28f122ce5c83c",
                "sha256:9d01b0d67ab782efa3c940a8ea1fc3ccb7ca0fc24a187b6d772bf6a45e0efb2f",
                "sha256:9d4560814fc741f571eb99996e6ef0ba4cd70a8e3c2d98a526c1a2ce13a7e982",
                "sha256:9f5383bb5912817e05d1f411279b34d8bde518fe8dce6f3f53a8731dca4f133e",
                "sha256:a518d13a3cd905d89891123d765e15e61538849e2be0ee5f85ad2bdb3fd91cc9",
                "sha256:b10b845dbb809056c8c96c02a4d1644084fcb7c3d405d1262eb6dfaab89650b1",
                "sha256:be883832d1ddc827c742928f86b861b99ee38ae17cd3833172959d18ff437b6a",
                "sha256:cd585d280e1199290e8e0dca6b297e021cfbcade6759ad56146257a53b90c5b0",
                "sha256:dc5aec152c59f8db9c723e2f3c98d64b1ead814f0a9c2c4e0b998f0ae7338c30",
                "sha256:dd0e050a0dc5101dbf1e8f87d7362d65404f8b29d25f22eda0418bb7b31c6954",
                "sha256:ddc4e200767bdf76182a634fba47343e223492b74d33edc5cf680a50e14f6d09",
                "sha256:e32334063e661da80ebc1a720b829228e918d1f24b947afebbe84edcff157c39",
                "sha256:eca26715688fdb7ec73d316d89687ac9bf4cdd7df0ceb8b22a3a2928bf8e7ece",
                "sha256:ef73a4e074fb0b470eb64a552d460394630ccaab73b8a7b2f523514f7df2b805",
                "sha256:f122138bfc6d45bc1c770a9987ce28c89e874638e423d25dff5d40e66fc02878",
                "sha256:f6f14b05b5c0456eb6ab82b6acd937b8118eca14ec621bd1729ca33f251d9ea4",
                "sha256:fc333e8971e8be0a310e4398426ec2b643a3466092643ade1500bdf72a789e83"
            ],
            "version": "==6.1"
        },
        "flake8": {
            "hashes": [
                "sha256:479b1304f72536a55948cb40a32dce8bb0ffe3501e26eaf292c7e60eb5e0428d",
                "sha256:806e034dda44114815e23c16ef92f95c91e4c71100ff52813adf7132a6ad870d"
            ],
            "version": "==4.0.1"
        },
        "iniconfig": {
            "hashes": [
                "sha256:011e24c64b7f47f6ebd835bb12a743f2fbe9a26d4cecaa7f53bc4f35ee9da8b3",
                "sha256:bc3af051d7d14b2ee5ef9969666def0cd1a000e121eaea580d4a313df4b37f32"
            ],
            "version": "==1.1.1"
        },
        "mccabe": {
            "hashes": [
                "sha256:ab8a6258860da4b6677da4bd2fe5dc2c659cff31b3ee4f7f5d64e79735b80d42",
                "sha256:dd8d182285a0fe56bace7f45b5e7d1a6ebcbf524e8f3bd87eb0f125271b8831f"
            ],
            "version": "==0.6.1"
        },
        "packaging": {
            "hashes": [
                "sha256:096d689d78ca690e4cd8a89568ba06d07ca097e3306a4381635073ca91479966",
                "sha256:14317396d1e8cdb122989b916fa2c7e9ca8e2be9e8060a6eff75b6b7b4d8a7e0"
            ],
            "version": "==21.2"
        },
        "pluggy": {
            "hashes": [
                "sha256:4224373bacce55f955a878bf9cfa763c1e360858e330072059e10bad68531159",
                "sha256:74134bbf457f031a36d68416e1509f34bd5ccc019f0bcc952c7b909d06b37bd3"
            ],
            "version": "==1.0.0"
        },
        "py": {
            "hashes": [
                "sha256:21b81bda15b66ef5e1a777a21c4dcd9c20ad3efd0b3f817e7a809035269e1bd3",
                "sha256:3b80836aa6d1feeaa108e046da6423ab8f6ceda6468545ae8d02d9d58d18818a"
            ],
            "version": "==1.10.0"
        },
        "pycodestyle": {
            "hashes": [
                "sha256:720f8b39dde8b293825e7ff02c475f3077124006db4f440dcbc9a20b76548a20",
                "sha256:eddd5847ef438ea1c7870ca7eb78a9d47ce0cdb4851a5523949f2601d0cbbe7f"
            ],
            "version": "==2.8.0"
        },
        "pyflakes": {
            "hashes": [
                "sha256:05a85c2872edf37a4ed30b0cce2f6093e1d0581f8c19d7393122da7e25b2b24c",
                "sha256:3bb3a3f256f4b7968c9c788781e4ff07dce46bdf12339dcda61053375426ee2e"
            ],
            "version": "==2.4.0"
        },
        "pyparsing": {
            "hashes": [
                "sha256:c203ec8783bf771a155b207279b9bccb8dea02d8f0c9e5f8ead507bc3246ecc1",
                "sha256:ef9d7589ef3c200abe66653d3f1ab1033c3c419ae9b9bdb1240a85b024efc88b"
            ],
            "version": "==2.4.7"
        },
        "pytest": {
            "hashes": [
                "sha256:131b36680866a76e6781d13f101efb86cf674ebb9762eb70d3082b6f29889e89",
                "sha256:7310f8d27bc79ced999e760ca304d69f6ba6c6649c0b60fb0e04a4a77cacc134"
            ],
            "index": "pypi",
            "version": "==6.2.5"
        },
        "pytest-cov": {
            "hashes": [
                "sha256:578d5d15ac4a25e5f961c938b85a05b09fdaae9deef3bb6de9a6e766622ca7a6",
                "sha256:e7f0f5b1617d2210a2cabc266dfe2f4c75a8d32fb89eafb7ad9d06f6d076d470"
            ],
            "version": "==3.0.0"
        },
        "pytest-mock": {
            "hashes": [
                "sha256:30c2f2cc9759e76eee674b81ea28c9f0b94f8f0445a1b87762cadf774f0df7e3",
                "sha256:40217a058c52a63f1042f0784f62009e976ba824c418cced42e88d5f40ab0e62"
            ],
            "index": "pypi",
            "version": "==3.6.1"
        },
        "toml": {
            "hashes": [
                "sha256:806143ae5bfb6a3c6e736a764057db0e6a0e05e338b5630894a5f779cabb4f9b",
                "sha256:b3bda1d108d5dd99f4a20d24d9c348e91c4db7ab1b749200bded2f839ccbe68f"
            ],
            "version": "==0.10.2"
        }
    }
}
